
Microsoft Visual Studio Solution File, Format Version 12.00
# Visual Studio Version 17
VisualStudioVersion = 17.4.33205.214
MinimumVisualStudioVersion = 10.0.40219.1
Project("{FAE04EC0-301F-11D3-BF4B-00C04F79EFBC}") = "Task1", "Task1\Task1.csproj", "{56AA633D-B347-42CE-9A73-7E0DBCE34D3F}"
EndProject
Project("{FAE04EC0-301F-11D3-BF4B-00C04F79EFBC}") = "Task2", "Task2\Task2.csproj", "{58429755-966B-4B1B-8FB7-BAFA0F88DC5B}"
EndProject
Project("{FAE04EC0-301F-11D3-BF4B-00C04F79EFBC}") = "Task3", "Task3\Task3.csproj", "{DAC30C85-B11E-4B92-A51B-42D108C05B62}"
EndProject
Project("{FAE04EC0-301F-11D3-BF4B-00C04F79EFBC}") = "Task4", "Task4\Task4.csproj", "{D84DA169-6DDF-4A2D-8BF6-7AFD08A04460}"
EndProject
Project("{FAE04EC0-301F-11D3-BF4B-00C04F79EFBC}") = "Task5", "Task5\Task5.csproj", "{5A151472-82CF-448F-ABA0-A77A6CA71D4F}"
EndProject
Global
	GlobalSection(SolutionConfigurationPlatforms) = preSolution
		Debug|Any CPU = Debug|Any CPU
		Release|Any CPU = Release|Any CPU
	EndGlobalSection
	GlobalSection(ProjectConfigurationPlatforms) = postSolution
		{56AA633D-B347-42CE-9A73-7E0DBCE34D3F}.Debug|Any CPU.ActiveCfg = Debug|Any CPU
		{56AA633D-B347-42CE-9A73-7E0DBCE34D3F}.Debug|Any CPU.Build.0 = Debug|Any CPU
		{56AA633D-B347-42CE-9A73-7E0DBCE34D3F}.Release|Any CPU.ActiveCfg = Release|Any CPU
		{56AA633D-B347-42CE-9A73-7E0DBCE34D3F}.Release|Any CPU.Build.0 = Release|Any CPU
		{58429755-966B-4B1B-8FB7-BAFA0F88DC5B}.Debug|Any CPU.ActiveCfg = Debug|Any CPU
		{58429755-966B-4B1B-8FB7-BAFA0F88DC5B}.Debug|Any CPU.Build.0 = Debug|Any CPU
		{58429755-966B-4B1B-8FB7-BAFA0F88DC5B}.Release|Any CPU.ActiveCfg = Release|Any CPU
		{58429755-966B-4B1B-8FB7-BAFA0F88DC5B}.Release|Any CPU.Build.0 = Release|Any CPU
		{DAC30C85-B11E-4B92-A51B-42D108C05B62}.Debug|Any CPU.ActiveCfg = Debug|Any CPU
		{DAC30C85-B11E-4B92-A51B-42D108C05B62}.Debug|Any CPU.Build.0 = Debug|Any CPU
		{DAC30C85-B11E-4B92-A51B-42D108C05B62}.Release|Any CPU.ActiveCfg = Release|Any CPU
		{DAC30C85-B11E-4B92-A51B-42D108C05B62}.Release|Any CPU.Build.0 = Release|Any CPU
		{D84DA169-6DDF-4A2D-8BF6-7AFD08A04460}.Debug|Any CPU.ActiveCfg = Debug|Any CPU
		{D84DA169-6DDF-4A2D-8BF6-7AFD08A04460}.Debug|Any CPU.Build.0 = Debug|Any CPU
		{D84DA169-6DDF-4A2D-8BF6-7AFD08A04460}.Release|Any CPU.ActiveCfg = Release|Any CPU
		{D84DA169-6DDF-4A2D-8BF6-7AFD08A04460}.Release|Any CPU.Build.0 = Release|Any CPU
		{5A151472-82CF-448F-ABA0-A77A6CA71D4F}.Debug|Any CPU.ActiveCfg = Debug|Any CPU
		{5A151472-82CF-448F-ABA0-A77A6CA71D4F}.Debug|Any CPU.Build.0 = Debug|Any CPU
		{5A151472-82CF-448F-ABA0-A77A6CA71D4F}.Release|Any CPU.ActiveCfg = Release|Any CPU
		{5A151472-82CF-448F-ABA0-A77A6CA71D4F}.Release|Any CPU.Build.0 = Release|Any CPU
	EndGlobalSection
	GlobalSection(SolutionProperties) = preSolution
		HideSolutionNode = FALSE
	EndGlobalSection
	GlobalSection(ExtensibilityGlobals) = postSolution
		SolutionGuid = {89445E70-72B5-4263-8D98-668A62A81E85}
	EndGlobalSection
EndGlobal
