
Microsoft Visual Studio Solution File, Format Version 12.00
# Visual Studio Version 17
VisualStudioVersion = 17.4.33205.214
MinimumVisualStudioVersion = 10.0.40219.1
Project("{FAE04EC0-301F-11D3-BF4B-00C04F79EFBC}") = "Task1", "Task1\Task1.csproj", "{EBFEA24A-3205-427C-B033-DA7F6C4CBCF7}"
EndProject
Project("{FAE04EC0-301F-11D3-BF4B-00C04F79EFBC}") = "Task2", "Task2\Task2.csproj", "{D82F2ADF-98A9-47AB-A6A7-A2B771B777A5}"
EndProject
Project("{FAE04EC0-301F-11D3-BF4B-00C04F79EFBC}") = "Task3", "Task3\Task3.csproj", "{96E5FF34-270C-415D-A44C-FFAF7890901F}"
EndProject
Project("{FAE04EC0-301F-11D3-BF4B-00C04F79EFBC}") = "Task4", "Task4\Task4.csproj", "{F26E167E-4CF9-42DE-BA04-424D902DA1F6}"
EndProject
Project("{FAE04EC0-301F-11D3-BF4B-00C04F79EFBC}") = "Task5", "Task5\Task5.csproj", "{2D028584-4C58-49D7-A7EB-AE4733D55A83}"
EndProject
Global
	GlobalSection(SolutionConfigurationPlatforms) = preSolution
		Debug|Any CPU = Debug|Any CPU
		Release|Any CPU = Release|Any CPU
	EndGlobalSection
	GlobalSection(ProjectConfigurationPlatforms) = postSolution
		{EBFEA24A-3205-427C-B033-DA7F6C4CBCF7}.Debug|Any CPU.ActiveCfg = Debug|Any CPU
		{EBFEA24A-3205-427C-B033-DA7F6C4CBCF7}.Debug|Any CPU.Build.0 = Debug|Any CPU
		{EBFEA24A-3205-427C-B033-DA7F6C4CBCF7}.Release|Any CPU.ActiveCfg = Release|Any CPU
		{EBFEA24A-3205-427C-B033-DA7F6C4CBCF7}.Release|Any CPU.Build.0 = Release|Any CPU
		{D82F2ADF-98A9-47AB-A6A7-A2B771B777A5}.Debug|Any CPU.ActiveCfg = Debug|Any CPU
		{D82F2ADF-98A9-47AB-A6A7-A2B771B777A5}.Debug|Any CPU.Build.0 = Debug|Any CPU
		{D82F2ADF-98A9-47AB-A6A7-A2B771B777A5}.Release|Any CPU.ActiveCfg = Release|Any CPU
		{D82F2ADF-98A9-47AB-A6A7-A2B771B777A5}.Release|Any CPU.Build.0 = Release|Any CPU
		{96E5FF34-270C-415D-A44C-FFAF7890901F}.Debug|Any CPU.ActiveCfg = Debug|Any CPU
		{96E5FF34-270C-415D-A44C-FFAF7890901F}.Debug|Any CPU.Build.0 = Debug|Any CPU
		{96E5FF34-270C-415D-A44C-FFAF7890901F}.Release|Any CPU.ActiveCfg = Release|Any CPU
		{96E5FF34-270C-415D-A44C-FFAF7890901F}.Release|Any CPU.Build.0 = Release|Any CPU
		{F26E167E-4CF9-42DE-BA04-424D902DA1F6}.Debug|Any CPU.ActiveCfg = Debug|Any CPU
		{F26E167E-4CF9-42DE-BA04-424D902DA1F6}.Debug|Any CPU.Build.0 = Debug|Any CPU
		{F26E167E-4CF9-42DE-BA04-424D902DA1F6}.Release|Any CPU.ActiveCfg = Release|Any CPU
		{F26E167E-4CF9-42DE-BA04-424D902DA1F6}.Release|Any CPU.Build.0 = Release|Any CPU
		{2D028584-4C58-49D7-A7EB-AE4733D55A83}.Debug|Any CPU.ActiveCfg = Debug|Any CPU
		{2D028584-4C58-49D7-A7EB-AE4733D55A83}.Debug|Any CPU.Build.0 = Debug|Any CPU
		{2D028584-4C58-49D7-A7EB-AE4733D55A83}.Release|Any CPU.ActiveCfg = Release|Any CPU
		{2D028584-4C58-49D7-A7EB-AE4733D55A83}.Release|Any CPU.Build.0 = Release|Any CPU
	EndGlobalSection
	GlobalSection(SolutionProperties) = preSolution
		HideSolutionNode = FALSE
	EndGlobalSection
	GlobalSection(ExtensibilityGlobals) = postSolution
		SolutionGuid = {AEA9CB46-7467-47EE-BA37-59A738A968D7}
	EndGlobalSection
EndGlobal
