
Microsoft Visual Studio Solution File, Format Version 12.00
# Visual Studio Version 17
VisualStudioVersion = 17.4.33205.214
MinimumVisualStudioVersion = 10.0.40219.1
Project("{9A19103F-16F7-4668-BE54-9A1E7A4F7556}") = "Task1", "Task1\Task1.csproj", "{ED5DA8E8-9095-4940-B3BA-75092E4C55E9}"
EndProject
Project("{FAE04EC0-301F-11D3-BF4B-00C04F79EFBC}") = "Task3", "Task3\Task3.csproj", "{819BA7AA-B426-4FE9-B760-4B4F5E94E62F}"
EndProject
Global
	GlobalSection(SolutionConfigurationPlatforms) = preSolution
		Debug|Any CPU = Debug|Any CPU
		Release|Any CPU = Release|Any CPU
	EndGlobalSection
	GlobalSection(ProjectConfigurationPlatforms) = postSolution
		{ED5DA8E8-9095-4940-B3BA-75092E4C55E9}.Debug|Any CPU.ActiveCfg = Debug|Any CPU
		{ED5DA8E8-9095-4940-B3BA-75092E4C55E9}.Debug|Any CPU.Build.0 = Debug|Any CPU
		{ED5DA8E8-9095-4940-B3BA-75092E4C55E9}.Release|Any CPU.ActiveCfg = Release|Any CPU
		{ED5DA8E8-9095-4940-B3BA-75092E4C55E9}.Release|Any CPU.Build.0 = Release|Any CPU
		{819BA7AA-B426-4FE9-B760-4B4F5E94E62F}.Debug|Any CPU.ActiveCfg = Debug|Any CPU
		{819BA7AA-B426-4FE9-B760-4B4F5E94E62F}.Debug|Any CPU.Build.0 = Debug|Any CPU
		{819BA7AA-B426-4FE9-B760-4B4F5E94E62F}.Release|Any CPU.ActiveCfg = Release|Any CPU
		{819BA7AA-B426-4FE9-B760-4B4F5E94E62F}.Release|Any CPU.Build.0 = Release|Any CPU
	EndGlobalSection
	GlobalSection(SolutionProperties) = preSolution
		HideSolutionNode = FALSE
	EndGlobalSection
	GlobalSection(ExtensibilityGlobals) = postSolution
		SolutionGuid = {F9DE68F7-93B4-4FD4-84FE-C93254694F56}
	EndGlobalSection
EndGlobal
