
Microsoft Visual Studio Solution File, Format Version 12.00
# Visual Studio Version 17
VisualStudioVersion = 17.4.33205.214
MinimumVisualStudioVersion = 10.0.40219.1
Project("{FAE04EC0-301F-11D3-BF4B-00C04F79EFBC}") = "Task1", "Task1\Task1.csproj", "{27C5D25B-CB53-4EC5-8F7B-C0142714A1A2}"
EndProject
Project("{FAE04EC0-301F-11D3-BF4B-00C04F79EFBC}") = "Task2", "Task2\Task2.csproj", "{15506077-682A-4CE6-9060-2B484FC4E6A7}"
EndProject
Project("{FAE04EC0-301F-11D3-BF4B-00C04F79EFBC}") = "Task3", "Task3\Task3.csproj", "{0E0425C8-4338-4372-9DD9-61E91E4FC6F3}"
EndProject
Global
	GlobalSection(SolutionConfigurationPlatforms) = preSolution
		Debug|Any CPU = Debug|Any CPU
		Release|Any CPU = Release|Any CPU
	EndGlobalSection
	GlobalSection(ProjectConfigurationPlatforms) = postSolution
		{27C5D25B-CB53-4EC5-8F7B-C0142714A1A2}.Debug|Any CPU.ActiveCfg = Debug|Any CPU
		{27C5D25B-CB53-4EC5-8F7B-C0142714A1A2}.Debug|Any CPU.Build.0 = Debug|Any CPU
		{27C5D25B-CB53-4EC5-8F7B-C0142714A1A2}.Release|Any CPU.ActiveCfg = Release|Any CPU
		{27C5D25B-CB53-4EC5-8F7B-C0142714A1A2}.Release|Any CPU.Build.0 = Release|Any CPU
		{15506077-682A-4CE6-9060-2B484FC4E6A7}.Debug|Any CPU.ActiveCfg = Debug|Any CPU
		{15506077-682A-4CE6-9060-2B484FC4E6A7}.Debug|Any CPU.Build.0 = Debug|Any CPU
		{15506077-682A-4CE6-9060-2B484FC4E6A7}.Release|Any CPU.ActiveCfg = Release|Any CPU
		{15506077-682A-4CE6-9060-2B484FC4E6A7}.Release|Any CPU.Build.0 = Release|Any CPU
		{0E0425C8-4338-4372-9DD9-61E91E4FC6F3}.Debug|Any CPU.ActiveCfg = Debug|Any CPU
		{0E0425C8-4338-4372-9DD9-61E91E4FC6F3}.Debug|Any CPU.Build.0 = Debug|Any CPU
		{0E0425C8-4338-4372-9DD9-61E91E4FC6F3}.Release|Any CPU.ActiveCfg = Release|Any CPU
		{0E0425C8-4338-4372-9DD9-61E91E4FC6F3}.Release|Any CPU.Build.0 = Release|Any CPU
	EndGlobalSection
	GlobalSection(SolutionProperties) = preSolution
		HideSolutionNode = FALSE
	EndGlobalSection
	GlobalSection(ExtensibilityGlobals) = postSolution
		SolutionGuid = {E9364A50-F8A2-44E8-93E9-2DD4EA097335}
	EndGlobalSection
EndGlobal
