
Microsoft Visual Studio Solution File, Format Version 12.00
# Visual Studio Version 17
VisualStudioVersion = 17.4.33205.214
MinimumVisualStudioVersion = 10.0.40219.1
Project("{FAE04EC0-301F-11D3-BF4B-00C04F79EFBC}") = "Task1", "Task1\Task1.csproj", "{DC20849C-8FC2-4268-A033-56B4A6AF100B}"
EndProject
Project("{FAE04EC0-301F-11D3-BF4B-00C04F79EFBC}") = "Task2", "Task2\Task2.csproj", "{753C4F28-22FD-4E12-BAC1-D97E9981C69C}"
EndProject
Project("{FAE04EC0-301F-11D3-BF4B-00C04F79EFBC}") = "Task3", "Task3\Task3.csproj", "{18B86570-CE20-45F7-B19B-ED655487DB5F}"
EndProject
Global
	GlobalSection(SolutionConfigurationPlatforms) = preSolution
		Debug|Any CPU = Debug|Any CPU
		Release|Any CPU = Release|Any CPU
	EndGlobalSection
	GlobalSection(ProjectConfigurationPlatforms) = postSolution
		{DC20849C-8FC2-4268-A033-56B4A6AF100B}.Debug|Any CPU.ActiveCfg = Debug|Any CPU
		{DC20849C-8FC2-4268-A033-56B4A6AF100B}.Debug|Any CPU.Build.0 = Debug|Any CPU
		{DC20849C-8FC2-4268-A033-56B4A6AF100B}.Release|Any CPU.ActiveCfg = Release|Any CPU
		{DC20849C-8FC2-4268-A033-56B4A6AF100B}.Release|Any CPU.Build.0 = Release|Any CPU
		{753C4F28-22FD-4E12-BAC1-D97E9981C69C}.Debug|Any CPU.ActiveCfg = Debug|Any CPU
		{753C4F28-22FD-4E12-BAC1-D97E9981C69C}.Debug|Any CPU.Build.0 = Debug|Any CPU
		{753C4F28-22FD-4E12-BAC1-D97E9981C69C}.Release|Any CPU.ActiveCfg = Release|Any CPU
		{753C4F28-22FD-4E12-BAC1-D97E9981C69C}.Release|Any CPU.Build.0 = Release|Any CPU
		{18B86570-CE20-45F7-B19B-ED655487DB5F}.Debug|Any CPU.ActiveCfg = Debug|Any CPU
		{18B86570-CE20-45F7-B19B-ED655487DB5F}.Debug|Any CPU.Build.0 = Debug|Any CPU
		{18B86570-CE20-45F7-B19B-ED655487DB5F}.Release|Any CPU.ActiveCfg = Release|Any CPU
		{18B86570-CE20-45F7-B19B-ED655487DB5F}.Release|Any CPU.Build.0 = Release|Any CPU
	EndGlobalSection
	GlobalSection(SolutionProperties) = preSolution
		HideSolutionNode = FALSE
	EndGlobalSection
	GlobalSection(ExtensibilityGlobals) = postSolution
		SolutionGuid = {DD9CAB8F-CD1B-4671-8007-000363BCC6DB}
	EndGlobalSection
EndGlobal
