
Microsoft Visual Studio Solution File, Format Version 12.00
# Visual Studio Version 17
VisualStudioVersion = 17.4.33205.214
MinimumVisualStudioVersion = 10.0.40219.1
Project("{FAE04EC0-301F-11D3-BF4B-00C04F79EFBC}") = "Task1", "Task1\Task1.csproj", "{506890F7-8C15-4888-BDD9-02382E63E671}"
EndProject
Project("{FAE04EC0-301F-11D3-BF4B-00C04F79EFBC}") = "Task2", "Task2\Task2.csproj", "{4CEABAC5-D905-40EA-AD7A-783077B8BCE9}"
EndProject
Global
	GlobalSection(SolutionConfigurationPlatforms) = preSolution
		Debug|Any CPU = Debug|Any CPU
		Release|Any CPU = Release|Any CPU
	EndGlobalSection
	GlobalSection(ProjectConfigurationPlatforms) = postSolution
		{506890F7-8C15-4888-BDD9-02382E63E671}.Debug|Any CPU.ActiveCfg = Debug|Any CPU
		{506890F7-8C15-4888-BDD9-02382E63E671}.Debug|Any CPU.Build.0 = Debug|Any CPU
		{506890F7-8C15-4888-BDD9-02382E63E671}.Release|Any CPU.ActiveCfg = Release|Any CPU
		{506890F7-8C15-4888-BDD9-02382E63E671}.Release|Any CPU.Build.0 = Release|Any CPU
		{4CEABAC5-D905-40EA-AD7A-783077B8BCE9}.Debug|Any CPU.ActiveCfg = Debug|Any CPU
		{4CEABAC5-D905-40EA-AD7A-783077B8BCE9}.Debug|Any CPU.Build.0 = Debug|Any CPU
		{4CEABAC5-D905-40EA-AD7A-783077B8BCE9}.Release|Any CPU.ActiveCfg = Release|Any CPU
		{4CEABAC5-D905-40EA-AD7A-783077B8BCE9}.Release|Any CPU.Build.0 = Release|Any CPU
	EndGlobalSection
	GlobalSection(SolutionProperties) = preSolution
		HideSolutionNode = FALSE
	EndGlobalSection
	GlobalSection(ExtensibilityGlobals) = postSolution
		SolutionGuid = {F5B5692C-DE0B-4926-8AE6-66A4F590CBF8}
	EndGlobalSection
EndGlobal
