
Microsoft Visual Studio Solution File, Format Version 12.00
# Visual Studio Version 17
VisualStudioVersion = 17.4.33205.214
MinimumVisualStudioVersion = 10.0.40219.1
Project("{FAE04EC0-301F-11D3-BF4B-00C04F79EFBC}") = "Task1", "Task1\Task1.csproj", "{C10D6C72-2C48-48AA-A522-A781412BD2AA}"
EndProject
Project("{FAE04EC0-301F-11D3-BF4B-00C04F79EFBC}") = "Task2", "Task2\Task2.csproj", "{FE137A62-89A6-40A5-82B1-A099728B422A}"
EndProject
Project("{FAE04EC0-301F-11D3-BF4B-00C04F79EFBC}") = "Task3", "Task3\Task3.csproj", "{9FD66352-140D-4866-AC1F-CDAB10170CEC}"
EndProject
Project("{FAE04EC0-301F-11D3-BF4B-00C04F79EFBC}") = "Task4", "Task4\Task4.csproj", "{7354AA91-4AB0-440D-89BB-CBBBD65FFF15}"
EndProject
Project("{FAE04EC0-301F-11D3-BF4B-00C04F79EFBC}") = "Task5", "Task5\Task5.csproj", "{E8D43858-FDB9-4E43-9BFE-3F843F812995}"
EndProject
Global
	GlobalSection(SolutionConfigurationPlatforms) = preSolution
		Debug|Any CPU = Debug|Any CPU
		Release|Any CPU = Release|Any CPU
	EndGlobalSection
	GlobalSection(ProjectConfigurationPlatforms) = postSolution
		{C10D6C72-2C48-48AA-A522-A781412BD2AA}.Debug|Any CPU.ActiveCfg = Debug|Any CPU
		{C10D6C72-2C48-48AA-A522-A781412BD2AA}.Debug|Any CPU.Build.0 = Debug|Any CPU
		{C10D6C72-2C48-48AA-A522-A781412BD2AA}.Release|Any CPU.ActiveCfg = Release|Any CPU
		{C10D6C72-2C48-48AA-A522-A781412BD2AA}.Release|Any CPU.Build.0 = Release|Any CPU
		{FE137A62-89A6-40A5-82B1-A099728B422A}.Debug|Any CPU.ActiveCfg = Debug|Any CPU
		{FE137A62-89A6-40A5-82B1-A099728B422A}.Debug|Any CPU.Build.0 = Debug|Any CPU
		{FE137A62-89A6-40A5-82B1-A099728B422A}.Release|Any CPU.ActiveCfg = Release|Any CPU
		{FE137A62-89A6-40A5-82B1-A099728B422A}.Release|Any CPU.Build.0 = Release|Any CPU
		{9FD66352-140D-4866-AC1F-CDAB10170CEC}.Debug|Any CPU.ActiveCfg = Debug|Any CPU
		{9FD66352-140D-4866-AC1F-CDAB10170CEC}.Debug|Any CPU.Build.0 = Debug|Any CPU
		{9FD66352-140D-4866-AC1F-CDAB10170CEC}.Release|Any CPU.ActiveCfg = Release|Any CPU
		{9FD66352-140D-4866-AC1F-CDAB10170CEC}.Release|Any CPU.Build.0 = Release|Any CPU
		{7354AA91-4AB0-440D-89BB-CBBBD65FFF15}.Debug|Any CPU.ActiveCfg = Debug|Any CPU
		{7354AA91-4AB0-440D-89BB-CBBBD65FFF15}.Debug|Any CPU.Build.0 = Debug|Any CPU
		{7354AA91-4AB0-440D-89BB-CBBBD65FFF15}.Release|Any CPU.ActiveCfg = Release|Any CPU
		{7354AA91-4AB0-440D-89BB-CBBBD65FFF15}.Release|Any CPU.Build.0 = Release|Any CPU
		{E8D43858-FDB9-4E43-9BFE-3F843F812995}.Debug|Any CPU.ActiveCfg = Debug|Any CPU
		{E8D43858-FDB9-4E43-9BFE-3F843F812995}.Debug|Any CPU.Build.0 = Debug|Any CPU
		{E8D43858-FDB9-4E43-9BFE-3F843F812995}.Release|Any CPU.ActiveCfg = Release|Any CPU
		{E8D43858-FDB9-4E43-9BFE-3F843F812995}.Release|Any CPU.Build.0 = Release|Any CPU
	EndGlobalSection
	GlobalSection(SolutionProperties) = preSolution
		HideSolutionNode = FALSE
	EndGlobalSection
	GlobalSection(ExtensibilityGlobals) = postSolution
		SolutionGuid = {ECA9EA51-908B-43AA-914C-46BFEDEAF244}
	EndGlobalSection
EndGlobal
