
Microsoft Visual Studio Solution File, Format Version 12.00
# Visual Studio Version 17
VisualStudioVersion = 17.4.33205.214
MinimumVisualStudioVersion = 10.0.40219.1
Project("{FAE04EC0-301F-11D3-BF4B-00C04F79EFBC}") = "Lection3105", "Lection3105\Lection3105.csproj", "{2C0823AA-9C4D-406B-9FA7-79754CFF2A3F}"
EndProject
Global
	GlobalSection(SolutionConfigurationPlatforms) = preSolution
		Debug|Any CPU = Debug|Any CPU
		Release|Any CPU = Release|Any CPU
	EndGlobalSection
	GlobalSection(ProjectConfigurationPlatforms) = postSolution
		{2C0823AA-9C4D-406B-9FA7-79754CFF2A3F}.Debug|Any CPU.ActiveCfg = Debug|Any CPU
		{2C0823AA-9C4D-406B-9FA7-79754CFF2A3F}.Debug|Any CPU.Build.0 = Debug|Any CPU
		{2C0823AA-9C4D-406B-9FA7-79754CFF2A3F}.Release|Any CPU.ActiveCfg = Release|Any CPU
		{2C0823AA-9C4D-406B-9FA7-79754CFF2A3F}.Release|Any CPU.Build.0 = Release|Any CPU
	EndGlobalSection
	GlobalSection(SolutionProperties) = preSolution
		HideSolutionNode = FALSE
	EndGlobalSection
	GlobalSection(ExtensibilityGlobals) = postSolution
		SolutionGuid = {C76274CA-03DC-4651-B91A-4688E4589697}
	EndGlobalSection
EndGlobal
