
Microsoft Visual Studio Solution File, Format Version 12.00
# Visual Studio Version 17
VisualStudioVersion = 17.4.33205.214
MinimumVisualStudioVersion = 10.0.40219.1
Project("{9A19103F-16F7-4668-BE54-9A1E7A4F7556}") = "Task1", "Task1\Task1.csproj", "{AAF9067C-3AD3-4D88-AF1A-B35CBC5A1B32}"
EndProject
Project("{9A19103F-16F7-4668-BE54-9A1E7A4F7556}") = "Task2", "Task2\Task2.csproj", "{81B60794-9FAC-423C-94EB-AFAC37046FE1}"
EndProject
Project("{FAE04EC0-301F-11D3-BF4B-00C04F79EFBC}") = "Task3", "Task3\Task3.csproj", "{CD58FD1D-5A98-48EB-BFBA-2C3DC4FA073B}"
EndProject
Global
	GlobalSection(SolutionConfigurationPlatforms) = preSolution
		Debug|Any CPU = Debug|Any CPU
		Release|Any CPU = Release|Any CPU
	EndGlobalSection
	GlobalSection(ProjectConfigurationPlatforms) = postSolution
		{AAF9067C-3AD3-4D88-AF1A-B35CBC5A1B32}.Debug|Any CPU.ActiveCfg = Debug|Any CPU
		{AAF9067C-3AD3-4D88-AF1A-B35CBC5A1B32}.Debug|Any CPU.Build.0 = Debug|Any CPU
		{AAF9067C-3AD3-4D88-AF1A-B35CBC5A1B32}.Release|Any CPU.ActiveCfg = Release|Any CPU
		{AAF9067C-3AD3-4D88-AF1A-B35CBC5A1B32}.Release|Any CPU.Build.0 = Release|Any CPU
		{81B60794-9FAC-423C-94EB-AFAC37046FE1}.Debug|Any CPU.ActiveCfg = Debug|Any CPU
		{81B60794-9FAC-423C-94EB-AFAC37046FE1}.Debug|Any CPU.Build.0 = Debug|Any CPU
		{81B60794-9FAC-423C-94EB-AFAC37046FE1}.Release|Any CPU.ActiveCfg = Release|Any CPU
		{81B60794-9FAC-423C-94EB-AFAC37046FE1}.Release|Any CPU.Build.0 = Release|Any CPU
		{CD58FD1D-5A98-48EB-BFBA-2C3DC4FA073B}.Debug|Any CPU.ActiveCfg = Debug|Any CPU
		{CD58FD1D-5A98-48EB-BFBA-2C3DC4FA073B}.Debug|Any CPU.Build.0 = Debug|Any CPU
		{CD58FD1D-5A98-48EB-BFBA-2C3DC4FA073B}.Release|Any CPU.ActiveCfg = Release|Any CPU
		{CD58FD1D-5A98-48EB-BFBA-2C3DC4FA073B}.Release|Any CPU.Build.0 = Release|Any CPU
	EndGlobalSection
	GlobalSection(SolutionProperties) = preSolution
		HideSolutionNode = FALSE
	EndGlobalSection
	GlobalSection(ExtensibilityGlobals) = postSolution
		SolutionGuid = {2C0D7659-DDFE-46A5-9BA7-DF3EE8997504}
	EndGlobalSection
EndGlobal
