
Microsoft Visual Studio Solution File, Format Version 12.00
# Visual Studio Version 17
VisualStudioVersion = 17.4.33205.214
MinimumVisualStudioVersion = 10.0.40219.1
Project("{9A19103F-16F7-4668-BE54-9A1E7A4F7556}") = "Lection0405", "Lection0405\Lection0405.csproj", "{C1C6E6E9-3284-4CB2-8633-40FF80C65F26}"
EndProject
Project("{FAE04EC0-301F-11D3-BF4B-00C04F79EFBC}") = "WpfApp1", "WpfApp1\WpfApp1.csproj", "{438F4197-6400-43CF-9B43-AAE59DB74C74}"
EndProject
Global
	GlobalSection(SolutionConfigurationPlatforms) = preSolution
		Debug|Any CPU = Debug|Any CPU
		Release|Any CPU = Release|Any CPU
	EndGlobalSection
	GlobalSection(ProjectConfigurationPlatforms) = postSolution
		{C1C6E6E9-3284-4CB2-8633-40FF80C65F26}.Debug|Any CPU.ActiveCfg = Debug|Any CPU
		{C1C6E6E9-3284-4CB2-8633-40FF80C65F26}.Debug|Any CPU.Build.0 = Debug|Any CPU
		{C1C6E6E9-3284-4CB2-8633-40FF80C65F26}.Release|Any CPU.ActiveCfg = Release|Any CPU
		{C1C6E6E9-3284-4CB2-8633-40FF80C65F26}.Release|Any CPU.Build.0 = Release|Any CPU
		{438F4197-6400-43CF-9B43-AAE59DB74C74}.Debug|Any CPU.ActiveCfg = Debug|Any CPU
		{438F4197-6400-43CF-9B43-AAE59DB74C74}.Debug|Any CPU.Build.0 = Debug|Any CPU
		{438F4197-6400-43CF-9B43-AAE59DB74C74}.Release|Any CPU.ActiveCfg = Release|Any CPU
		{438F4197-6400-43CF-9B43-AAE59DB74C74}.Release|Any CPU.Build.0 = Release|Any CPU
	EndGlobalSection
	GlobalSection(SolutionProperties) = preSolution
		HideSolutionNode = FALSE
	EndGlobalSection
	GlobalSection(ExtensibilityGlobals) = postSolution
		SolutionGuid = {2F74BB4A-12F4-4053-963B-A40E77149EC3}
	EndGlobalSection
EndGlobal
