
Microsoft Visual Studio Solution File, Format Version 12.00
# Visual Studio Version 17
VisualStudioVersion = 17.4.33205.214
MinimumVisualStudioVersion = 10.0.40219.1
Project("{FAE04EC0-301F-11D3-BF4B-00C04F79EFBC}") = "кс го", "кс го\кс го.csproj", "{F5FBAAA4-DD91-49E2-85A1-599340FA22FB}"
EndProject
Global
	GlobalSection(SolutionConfigurationPlatforms) = preSolution
		Debug|Any CPU = Debug|Any CPU
		Release|Any CPU = Release|Any CPU
	EndGlobalSection
	GlobalSection(ProjectConfigurationPlatforms) = postSolution
		{F5FBAAA4-DD91-49E2-85A1-599340FA22FB}.Debug|Any CPU.ActiveCfg = Debug|Any CPU
		{F5FBAAA4-DD91-49E2-85A1-599340FA22FB}.Debug|Any CPU.Build.0 = Debug|Any CPU
		{F5FBAAA4-DD91-49E2-85A1-599340FA22FB}.Release|Any CPU.ActiveCfg = Release|Any CPU
		{F5FBAAA4-DD91-49E2-85A1-599340FA22FB}.Release|Any CPU.Build.0 = Release|Any CPU
	EndGlobalSection
	GlobalSection(SolutionProperties) = preSolution
		HideSolutionNode = FALSE
	EndGlobalSection
	GlobalSection(ExtensibilityGlobals) = postSolution
		SolutionGuid = {942F9E17-DE7B-42BA-9783-284CE7E36F92}
	EndGlobalSection
EndGlobal
