
Microsoft Visual Studio Solution File, Format Version 12.00
# Visual Studio Version 17
VisualStudioVersion = 17.4.33205.214
MinimumVisualStudioVersion = 10.0.40219.1
Project("{FAE04EC0-301F-11D3-BF4B-00C04F79EFBC}") = "Task1", "Task1\Task1.csproj", "{2CA906F4-C495-412B-A192-6E0FD338B78D}"
EndProject
Project("{FAE04EC0-301F-11D3-BF4B-00C04F79EFBC}") = "Task2", "Task2\Task2.csproj", "{87381EDE-4291-47E8-AFD6-16493EE5F1CA}"
EndProject
Project("{FAE04EC0-301F-11D3-BF4B-00C04F79EFBC}") = "Task3", "Task3\Task3.csproj", "{96DE0658-36A4-4602-AB45-58A3B33E513C}"
EndProject
Project("{FAE04EC0-301F-11D3-BF4B-00C04F79EFBC}") = "Task4", "Task4\Task4.csproj", "{1242757E-ADE1-401F-8D9C-9F297FA116BB}"
EndProject
Project("{FAE04EC0-301F-11D3-BF4B-00C04F79EFBC}") = "Task5", "Task5\Task5.csproj", "{5CED6DEF-F5A2-43B5-B2B1-21ED7F2BE9F1}"
EndProject
Global
	GlobalSection(SolutionConfigurationPlatforms) = preSolution
		Debug|Any CPU = Debug|Any CPU
		Release|Any CPU = Release|Any CPU
	EndGlobalSection
	GlobalSection(ProjectConfigurationPlatforms) = postSolution
		{2CA906F4-C495-412B-A192-6E0FD338B78D}.Debug|Any CPU.ActiveCfg = Debug|Any CPU
		{2CA906F4-C495-412B-A192-6E0FD338B78D}.Debug|Any CPU.Build.0 = Debug|Any CPU
		{2CA906F4-C495-412B-A192-6E0FD338B78D}.Release|Any CPU.ActiveCfg = Release|Any CPU
		{2CA906F4-C495-412B-A192-6E0FD338B78D}.Release|Any CPU.Build.0 = Release|Any CPU
		{87381EDE-4291-47E8-AFD6-16493EE5F1CA}.Debug|Any CPU.ActiveCfg = Debug|Any CPU
		{87381EDE-4291-47E8-AFD6-16493EE5F1CA}.Debug|Any CPU.Build.0 = Debug|Any CPU
		{87381EDE-4291-47E8-AFD6-16493EE5F1CA}.Release|Any CPU.ActiveCfg = Release|Any CPU
		{87381EDE-4291-47E8-AFD6-16493EE5F1CA}.Release|Any CPU.Build.0 = Release|Any CPU
		{96DE0658-36A4-4602-AB45-58A3B33E513C}.Debug|Any CPU.ActiveCfg = Debug|Any CPU
		{96DE0658-36A4-4602-AB45-58A3B33E513C}.Debug|Any CPU.Build.0 = Debug|Any CPU
		{96DE0658-36A4-4602-AB45-58A3B33E513C}.Release|Any CPU.ActiveCfg = Release|Any CPU
		{96DE0658-36A4-4602-AB45-58A3B33E513C}.Release|Any CPU.Build.0 = Release|Any CPU
		{1242757E-ADE1-401F-8D9C-9F297FA116BB}.Debug|Any CPU.ActiveCfg = Debug|Any CPU
		{1242757E-ADE1-401F-8D9C-9F297FA116BB}.Debug|Any CPU.Build.0 = Debug|Any CPU
		{1242757E-ADE1-401F-8D9C-9F297FA116BB}.Release|Any CPU.ActiveCfg = Release|Any CPU
		{1242757E-ADE1-401F-8D9C-9F297FA116BB}.Release|Any CPU.Build.0 = Release|Any CPU
		{5CED6DEF-F5A2-43B5-B2B1-21ED7F2BE9F1}.Debug|Any CPU.ActiveCfg = Debug|Any CPU
		{5CED6DEF-F5A2-43B5-B2B1-21ED7F2BE9F1}.Debug|Any CPU.Build.0 = Debug|Any CPU
		{5CED6DEF-F5A2-43B5-B2B1-21ED7F2BE9F1}.Release|Any CPU.ActiveCfg = Release|Any CPU
		{5CED6DEF-F5A2-43B5-B2B1-21ED7F2BE9F1}.Release|Any CPU.Build.0 = Release|Any CPU
	EndGlobalSection
	GlobalSection(SolutionProperties) = preSolution
		HideSolutionNode = FALSE
	EndGlobalSection
	GlobalSection(ExtensibilityGlobals) = postSolution
		SolutionGuid = {35B682D2-348D-4519-9F3E-7CC3A2E6DDC1}
	EndGlobalSection
EndGlobal
