
Microsoft Visual Studio Solution File, Format Version 12.00
# Visual Studio Version 17
VisualStudioVersion = 17.4.33205.214
MinimumVisualStudioVersion = 10.0.40219.1
Project("{FAE04EC0-301F-11D3-BF4B-00C04F79EFBC}") = "Task1", "Task1\Task1.csproj", "{DA8B4AC5-5786-4441-8422-7D9B440FA1A3}"
EndProject
Project("{FAE04EC0-301F-11D3-BF4B-00C04F79EFBC}") = "Task2", "Task2\Task2.csproj", "{BDF6A73F-9F98-4265-ADD5-A0DBD34BD154}"
EndProject
Project("{FAE04EC0-301F-11D3-BF4B-00C04F79EFBC}") = "Task3", "Task3\Task3.csproj", "{D7735D05-497B-45FB-AAE6-CA5BDCAACEB5}"
EndProject
Project("{FAE04EC0-301F-11D3-BF4B-00C04F79EFBC}") = "Task4", "Task4\Task4.csproj", "{357BAA86-0121-40E9-8C6F-5C6DB95743D0}"
EndProject
Project("{FAE04EC0-301F-11D3-BF4B-00C04F79EFBC}") = "Task5", "Task5\Task5.csproj", "{7C8C19FF-FDC0-4A06-B6F9-149DD76984FF}"
EndProject
Global
	GlobalSection(SolutionConfigurationPlatforms) = preSolution
		Debug|Any CPU = Debug|Any CPU
		Release|Any CPU = Release|Any CPU
	EndGlobalSection
	GlobalSection(ProjectConfigurationPlatforms) = postSolution
		{DA8B4AC5-5786-4441-8422-7D9B440FA1A3}.Debug|Any CPU.ActiveCfg = Debug|Any CPU
		{DA8B4AC5-5786-4441-8422-7D9B440FA1A3}.Debug|Any CPU.Build.0 = Debug|Any CPU
		{DA8B4AC5-5786-4441-8422-7D9B440FA1A3}.Release|Any CPU.ActiveCfg = Release|Any CPU
		{DA8B4AC5-5786-4441-8422-7D9B440FA1A3}.Release|Any CPU.Build.0 = Release|Any CPU
		{BDF6A73F-9F98-4265-ADD5-A0DBD34BD154}.Debug|Any CPU.ActiveCfg = Debug|Any CPU
		{BDF6A73F-9F98-4265-ADD5-A0DBD34BD154}.Debug|Any CPU.Build.0 = Debug|Any CPU
		{BDF6A73F-9F98-4265-ADD5-A0DBD34BD154}.Release|Any CPU.ActiveCfg = Release|Any CPU
		{BDF6A73F-9F98-4265-ADD5-A0DBD34BD154}.Release|Any CPU.Build.0 = Release|Any CPU
		{D7735D05-497B-45FB-AAE6-CA5BDCAACEB5}.Debug|Any CPU.ActiveCfg = Debug|Any CPU
		{D7735D05-497B-45FB-AAE6-CA5BDCAACEB5}.Debug|Any CPU.Build.0 = Debug|Any CPU
		{D7735D05-497B-45FB-AAE6-CA5BDCAACEB5}.Release|Any CPU.ActiveCfg = Release|Any CPU
		{D7735D05-497B-45FB-AAE6-CA5BDCAACEB5}.Release|Any CPU.Build.0 = Release|Any CPU
		{357BAA86-0121-40E9-8C6F-5C6DB95743D0}.Debug|Any CPU.ActiveCfg = Debug|Any CPU
		{357BAA86-0121-40E9-8C6F-5C6DB95743D0}.Debug|Any CPU.Build.0 = Debug|Any CPU
		{357BAA86-0121-40E9-8C6F-5C6DB95743D0}.Release|Any CPU.ActiveCfg = Release|Any CPU
		{357BAA86-0121-40E9-8C6F-5C6DB95743D0}.Release|Any CPU.Build.0 = Release|Any CPU
		{7C8C19FF-FDC0-4A06-B6F9-149DD76984FF}.Debug|Any CPU.ActiveCfg = Debug|Any CPU
		{7C8C19FF-FDC0-4A06-B6F9-149DD76984FF}.Debug|Any CPU.Build.0 = Debug|Any CPU
		{7C8C19FF-FDC0-4A06-B6F9-149DD76984FF}.Release|Any CPU.ActiveCfg = Release|Any CPU
		{7C8C19FF-FDC0-4A06-B6F9-149DD76984FF}.Release|Any CPU.Build.0 = Release|Any CPU
	EndGlobalSection
	GlobalSection(SolutionProperties) = preSolution
		HideSolutionNode = FALSE
	EndGlobalSection
	GlobalSection(ExtensibilityGlobals) = postSolution
		SolutionGuid = {5BFF5CFF-C0C6-4294-BB7A-F9D77199EC77}
	EndGlobalSection
EndGlobal
