
Microsoft Visual Studio Solution File, Format Version 12.00
# Visual Studio Version 17
VisualStudioVersion = 17.4.33205.214
MinimumVisualStudioVersion = 10.0.40219.1
Project("{FAE04EC0-301F-11D3-BF4B-00C04F79EFBC}") = "Task1", "LabWork32\Task1.csproj", "{C15B6475-CC90-471E-A98F-9E04D1D2CB0F}"
EndProject
Project("{FAE04EC0-301F-11D3-BF4B-00C04F79EFBC}") = "Task2", "Task2\Task2.csproj", "{98E9ADAC-83B5-4A1E-A377-AEE64161B6E2}"
EndProject
Project("{FAE04EC0-301F-11D3-BF4B-00C04F79EFBC}") = "Task3", "Task3\Task3.csproj", "{D9A2E928-5F47-49AE-943C-CCFFD6ED6391}"
EndProject
Project("{FAE04EC0-301F-11D3-BF4B-00C04F79EFBC}") = "Task4", "Task4\Task4.csproj", "{3BF26412-3C21-4311-A536-FAC893A2BBE2}"
EndProject
Project("{FAE04EC0-301F-11D3-BF4B-00C04F79EFBC}") = "Task5", "Task5\Task5.csproj", "{A0037ADA-CE1D-4E14-B31F-3A6A3B74554C}"
EndProject
Global
	GlobalSection(SolutionConfigurationPlatforms) = preSolution
		Debug|Any CPU = Debug|Any CPU
		Release|Any CPU = Release|Any CPU
	EndGlobalSection
	GlobalSection(ProjectConfigurationPlatforms) = postSolution
		{C15B6475-CC90-471E-A98F-9E04D1D2CB0F}.Debug|Any CPU.ActiveCfg = Debug|Any CPU
		{C15B6475-CC90-471E-A98F-9E04D1D2CB0F}.Debug|Any CPU.Build.0 = Debug|Any CPU
		{C15B6475-CC90-471E-A98F-9E04D1D2CB0F}.Release|Any CPU.ActiveCfg = Release|Any CPU
		{C15B6475-CC90-471E-A98F-9E04D1D2CB0F}.Release|Any CPU.Build.0 = Release|Any CPU
		{98E9ADAC-83B5-4A1E-A377-AEE64161B6E2}.Debug|Any CPU.ActiveCfg = Debug|Any CPU
		{98E9ADAC-83B5-4A1E-A377-AEE64161B6E2}.Debug|Any CPU.Build.0 = Debug|Any CPU
		{98E9ADAC-83B5-4A1E-A377-AEE64161B6E2}.Release|Any CPU.ActiveCfg = Release|Any CPU
		{98E9ADAC-83B5-4A1E-A377-AEE64161B6E2}.Release|Any CPU.Build.0 = Release|Any CPU
		{D9A2E928-5F47-49AE-943C-CCFFD6ED6391}.Debug|Any CPU.ActiveCfg = Debug|Any CPU
		{D9A2E928-5F47-49AE-943C-CCFFD6ED6391}.Debug|Any CPU.Build.0 = Debug|Any CPU
		{D9A2E928-5F47-49AE-943C-CCFFD6ED6391}.Release|Any CPU.ActiveCfg = Release|Any CPU
		{D9A2E928-5F47-49AE-943C-CCFFD6ED6391}.Release|Any CPU.Build.0 = Release|Any CPU
		{3BF26412-3C21-4311-A536-FAC893A2BBE2}.Debug|Any CPU.ActiveCfg = Debug|Any CPU
		{3BF26412-3C21-4311-A536-FAC893A2BBE2}.Debug|Any CPU.Build.0 = Debug|Any CPU
		{3BF26412-3C21-4311-A536-FAC893A2BBE2}.Release|Any CPU.ActiveCfg = Release|Any CPU
		{3BF26412-3C21-4311-A536-FAC893A2BBE2}.Release|Any CPU.Build.0 = Release|Any CPU
		{A0037ADA-CE1D-4E14-B31F-3A6A3B74554C}.Debug|Any CPU.ActiveCfg = Debug|Any CPU
		{A0037ADA-CE1D-4E14-B31F-3A6A3B74554C}.Debug|Any CPU.Build.0 = Debug|Any CPU
		{A0037ADA-CE1D-4E14-B31F-3A6A3B74554C}.Release|Any CPU.ActiveCfg = Release|Any CPU
		{A0037ADA-CE1D-4E14-B31F-3A6A3B74554C}.Release|Any CPU.Build.0 = Release|Any CPU
	EndGlobalSection
	GlobalSection(SolutionProperties) = preSolution
		HideSolutionNode = FALSE
	EndGlobalSection
	GlobalSection(ExtensibilityGlobals) = postSolution
		SolutionGuid = {409523CD-87F9-46B9-AD7E-C0144A470B41}
	EndGlobalSection
EndGlobal
